{
    "Fugue" : {
        "Exposicion" : {
            "Tema" : "T",
            "ContraTema" : ["CT1", "CT2"],
            "Entrada" : ["Complementaria", "EC"]
        },
        "Episodio" : "E",
        "Desarrollo" : {
            "Tema" : "T",
            "ContraTema" : ["CT1", "CT2"]
        },
        "Episodio2" : "E2",
        "Reexposicion" : {
            "Tema" : "T",
            "ContraTema" : ["CT1", "CT2"]
        },
        "Coda" : "C"
    }
}